// !$*UTF8*$!
{
	archiveVersion = 1;
	classes = {
	};
	objectVersion = 46;
	objects = {

/* Begin PBXBuildFile section */
		33426E591D72E97600CD52A2 /* ItemModel.swift in Sources */ = {isa = PBXBuildFile; fileRef = 33426E581D72E97600CD52A2 /* ItemModel.swift */; };
		33426E791D73375200CD52A2 /* DemoTableViewController.swift in Sources */ = {isa = PBXBuildFile; fileRef = 33426E781D73375200CD52A2 /* DemoTableViewController.swift */; };
		33C3B82E1D78273900BE0C53 /* ViewController.swift in Sources */ = {isa = PBXBuildFile; fileRef = 33C3B82D1D78273900BE0C53 /* ViewController.swift */; };
		33C3B8301D78282100BE0C53 /* Demo1TableViewCell.swift in Sources */ = {isa = PBXBuildFile; fileRef = 33C3B82F1D78282100BE0C53 /* Demo1TableViewCell.swift */; };
		33C3B8321D78300900BE0C53 /* DemoItemModel.swift in Sources */ = {isa = PBXBuildFile; fileRef = 33C3B8311D78300900BE0C53 /* DemoItemModel.swift */; };
		33C3B83F1D7835FE00BE0C53 /* airplane.png in Resources */ = {isa = PBXBuildFile; fileRef = 33C3B8341D7835FE00BE0C53 /* airplane.png */; };
		33C3B8401D7835FE00BE0C53 /* ball.png in Resources */ = {isa = PBXBuildFile; fileRef = 33C3B8351D7835FE00BE0C53 /* ball.png */; };
		33C3B8411D7835FE00BE0C53 /* camera.png in Resources */ = {isa = PBXBuildFile; fileRef = 33C3B8361D7835FE00BE0C53 /* camera.png */; };
		33C3B8421D7835FE00BE0C53 /* Conversation.png in Resources */ = {isa = PBXBuildFile; fileRef = 33C3B8371D7835FE00BE0C53 /* Conversation.png */; };
		33C3B8431D7835FE00BE0C53 /* Heart.png in Resources */ = {isa = PBXBuildFile; fileRef = 33C3B8381D7835FE00BE0C53 /* Heart.png */; };
		33C3B8441D7835FE00BE0C53 /* heart1.png in Resources */ = {isa = PBXBuildFile; fileRef = 33C3B8391D7835FE00BE0C53 /* heart1.png */; };
		33C3B8451D7835FE00BE0C53 /* location.png in Resources */ = {isa = PBXBuildFile; fileRef = 33C3B83A1D7835FE00BE0C53 /* location.png */; };
		33C3B8461D7835FE00BE0C53 /* sailboat.png in Resources */ = {isa = PBXBuildFile; fileRef = 33C3B83B1D7835FE00BE0C53 /* sailboat.png */; };
		33C3B8471D7835FE00BE0C53 /* share.png in Resources */ = {isa = PBXBuildFile; fileRef = 33C3B83C1D7835FE00BE0C53 /* share.png */; };
		33C3B8481D7835FE00BE0C53 /* ship.png in Resources */ = {isa = PBXBuildFile; fileRef = 33C3B83D1D7835FE00BE0C53 /* ship.png */; };
		33C3B8491D7835FE00BE0C53 /* speedboat.png in Resources */ = {isa = PBXBuildFile; fileRef = 33C3B83E1D7835FE00BE0C53 /* speedboat.png */; };
		33CDFE571D71F7E10094E11C /* AppDelegate.swift in Sources */ = {isa = PBXBuildFile; fileRef = 33CDFE561D71F7E10094E11C /* AppDelegate.swift */; };
		33CDFE5C1D71F7E10094E11C /* Main.storyboard in Resources */ = {isa = PBXBuildFile; fileRef = 33CDFE5A1D71F7E10094E11C /* Main.storyboard */; };
		33CDFE5E1D71F7E10094E11C /* Assets.xcassets in Resources */ = {isa = PBXBuildFile; fileRef = 33CDFE5D1D71F7E10094E11C /* Assets.xcassets */; };
		33CDFE611D71F7E10094E11C /* LaunchScreen.storyboard in Resources */ = {isa = PBXBuildFile; fileRef = 33CDFE5F1D71F7E10094E11C /* LaunchScreen.storyboard */; };
		33CDFE691D71F92F0094E11C /* DemoTableViewCell.swift in Sources */ = {isa = PBXBuildFile; fileRef = 33CDFE681D71F92F0094E11C /* DemoTableViewCell.swift */; };
		33CDFE701D71FA5C0094E11C /* 1.png in Resources */ = {isa = PBXBuildFile; fileRef = 33CDFE6B1D71FA5C0094E11C /* 1.png */; };
		33CDFE711D71FA5C0094E11C /* 2.png in Resources */ = {isa = PBXBuildFile; fileRef = 33CDFE6C1D71FA5C0094E11C /* 2.png */; };
		33CDFE721D71FA5C0094E11C /* 3.png in Resources */ = {isa = PBXBuildFile; fileRef = 33CDFE6D1D71FA5C0094E11C /* 3.png */; };
		33CDFE731D71FA5C0094E11C /* 4.png in Resources */ = {isa = PBXBuildFile; fileRef = 33CDFE6E1D71FA5C0094E11C /* 4.png */; };
		33CDFE741D71FA5C0094E11C /* 5.png in Resources */ = {isa = PBXBuildFile; fileRef = 33CDFE6F1D71FA5C0094E11C /* 5.png */; };
		33CDFE7B1D71FAA70094E11C /* danang.jpg in Resources */ = {isa = PBXBuildFile; fileRef = 33CDFE761D71FAA70094E11C /* danang.jpg */; };
		33CDFE7C1D71FAA70094E11C /* hanoi.jpg in Resources */ = {isa = PBXBuildFile; fileRef = 33CDFE771D71FAA70094E11C /* hanoi.jpg */; };
		33CDFE7D1D71FAA70094E11C /* hochiminh.jpg in Resources */ = {isa = PBXBuildFile; fileRef = 33CDFE781D71FAA70094E11C /* hochiminh.jpg */; };
		33CDFE7E1D71FAA70094E11C /* nhatrang.jpg in Resources */ = {isa = PBXBuildFile; fileRef = 33CDFE791D71FAA70094E11C /* nhatrang.jpg */; };
		33CDFE7F1D71FAA70094E11C /* yenbai.jpg in Resources */ = {isa = PBXBuildFile; fileRef = 33CDFE7A1D71FAA70094E11C /* yenbai.jpg */; };
		33CDFE861D71FAD30094E11C /* airplane-symbol.png in Resources */ = {isa = PBXBuildFile; fileRef = 33CDFE811D71FAD30094E11C /* airplane-symbol.png */; };
		33CDFE871D71FAD30094E11C /* eight-8-ball.png in Resources */ = {isa = PBXBuildFile; fileRef = 33CDFE821D71FAD30094E11C /* eight-8-ball.png */; };
		33CDFE881D71FAD30094E11C /* sailboat-symbol.png in Resources */ = {isa = PBXBuildFile; fileRef = 33CDFE831D71FAD30094E11C /* sailboat-symbol.png */; };
		33CDFE891D71FAD30094E11C /* ship-symbol.png in Resources */ = {isa = PBXBuildFile; fileRef = 33CDFE841D71FAD30094E11C /* ship-symbol.png */; };
		33CDFE8A1D71FAD30094E11C /* speedboat-emoji.png in Resources */ = {isa = PBXBuildFile; fileRef = 33CDFE851D71FAD30094E11C /* speedboat-emoji.png */; };
/* End PBXBuildFile section */

/* Begin PBXFileReference section */
		33426E581D72E97600CD52A2 /* ItemModel.swift */ = {isa = PBXFileReference; fileEncoding = 4; lastKnownFileType = sourcecode.swift; path = ItemModel.swift; sourceTree = "<group>"; };
		33426E781D73375200CD52A2 /* DemoTableViewController.swift */ = {isa = PBXFileReference; fileEncoding = 4; lastKnownFileType = sourcecode.swift; path = DemoTableViewController.swift; sourceTree = "<group>"; };
		33C3B82D1D78273900BE0C53 /* ViewController.swift */ = {isa = PBXFileReference; fileEncoding = 4; lastKnownFileType = sourcecode.swift; path = ViewController.swift; sourceTree = "<group>"; };
		33C3B82F1D78282100BE0C53 /* Demo1TableViewCell.swift */ = {isa = PBXFileReference; fileEncoding = 4; lastKnownFileType = sourcecode.swift; path = Demo1TableViewCell.swift; sourceTree = "<group>"; };
		33C3B8311D78300900BE0C53 /* DemoItemModel.swift */ = {isa = PBXFileReference; fileEncoding = 4; lastKnownFileType = sourcecode.swift; path = DemoItemModel.swift; sourceTree = "<group>"; };
		33C3B8341D7835FE00BE0C53 /* airplane.png */ = {isa = PBXFileReference; lastKnownFileType = image.png; path = airplane.png; sourceTree = "<group>"; };
		33C3B8351D7835FE00BE0C53 /* ball.png */ = {isa = PBXFileReference; lastKnownFileType = image.png; path = ball.png; sourceTree = "<group>"; };
		33C3B8361D7835FE00BE0C53 /* camera.png */ = {isa = PBXFileReference; lastKnownFileType = image.png; path = camera.png; sourceTree = "<group>"; };
		33C3B8371D7835FE00BE0C53 /* Conversation.png */ = {isa = PBXFileReference; lastKnownFileType = image.png; path = Conversation.png; sourceTree = "<group>"; };
		33C3B8381D7835FE00BE0C53 /* Heart.png */ = {isa = PBXFileReference; lastKnownFileType = image.png; path = Heart.png; sourceTree = "<group>"; };
		33C3B8391D7835FE00BE0C53 /* heart1.png */ = {isa = PBXFileReference; lastKnownFileType = image.png; path = heart1.png; sourceTree = "<group>"; };
		33C3B83A1D7835FE00BE0C53 /* location.png */ = {isa = PBXFileReference; lastKnownFileType = image.png; path = location.png; sourceTree = "<group>"; };
		33C3B83B1D7835FE00BE0C53 /* sailboat.png */ = {isa = PBXFileReference; lastKnownFileType = image.png; path = sailboat.png; sourceTree = "<group>"; };
		33C3B83C1D7835FE00BE0C53 /* share.png */ = {isa = PBXFileReference; lastKnownFileType = image.png; path = share.png; sourceTree = "<group>"; };
		33C3B83D1D7835FE00BE0C53 /* ship.png */ = {isa = PBXFileReference; lastKnownFileType = image.png; path = ship.png; sourceTree = "<group>"; };
		33C3B83E1D7835FE00BE0C53 /* speedboat.png */ = {isa = PBXFileReference; lastKnownFileType = image.png; path = speedboat.png; sourceTree = "<group>"; };
		33CDFE531D71F7E10094E11C /* Demo.app */ = {isa = PBXFileReference; explicitFileType = wrapper.application; includeInIndex = 0; path = Demo.app; sourceTree = BUILT_PRODUCTS_DIR; };
		33CDFE561D71F7E10094E11C /* AppDelegate.swift */ = {isa = PBXFileReference; lastKnownFileType = sourcecode.swift; path = AppDelegate.swift; sourceTree = "<group>"; };
		33CDFE5B1D71F7E10094E11C /* Base */ = {isa = PBXFileReference; lastKnownFileType = file.storyboard; name = Base; path = Base.lproj/Main.storyboard; sourceTree = "<group>"; };
		33CDFE5D1D71F7E10094E11C /* Assets.xcassets */ = {isa = PBXFileReference; lastKnownFileType = folder.assetcatalog; path = Assets.xcassets; sourceTree = "<group>"; };
		33CDFE601D71F7E10094E11C /* Base */ = {isa = PBXFileReference; lastKnownFileType = file.storyboard; name = Base; path = Base.lproj/LaunchScreen.storyboard; sourceTree = "<group>"; };
		33CDFE621D71F7E10094E11C /* Info.plist */ = {isa = PBXFileReference; lastKnownFileType = text.plist.xml; path = Info.plist; sourceTree = "<group>"; };
		33CDFE681D71F92F0094E11C /* DemoTableViewCell.swift */ = {isa = PBXFileReference; fileEncoding = 4; lastKnownFileType = sourcecode.swift; path = DemoTableViewCell.swift; sourceTree = "<group>"; };
		33CDFE6B1D71FA5C0094E11C /* 1.png */ = {isa = PBXFileReference; lastKnownFileType = image.png; path = 1.png; sourceTree = "<group>"; };
		33CDFE6C1D71FA5C0094E11C /* 2.png */ = {isa = PBXFileReference; lastKnownFileType = image.png; path = 2.png; sourceTree = "<group>"; };
		33CDFE6D1D71FA5C0094E11C /* 3.png */ = {isa = PBXFileReference; lastKnownFileType = image.png; path = 3.png; sourceTree = "<group>"; };
		33CDFE6E1D71FA5C0094E11C /* 4.png */ = {isa = PBXFileReference; lastKnownFileType = image.png; path = 4.png; sourceTree = "<group>"; };
		33CDFE6F1D71FA5C0094E11C /* 5.png */ = {isa = PBXFileReference; lastKnownFileType = image.png; path = 5.png; sourceTree = "<group>"; };
		33CDFE761D71FAA70094E11C /* danang.jpg */ = {isa = PBXFileReference; lastKnownFileType = image.jpeg; path = danang.jpg; sourceTree = "<group>"; };
		33CDFE771D71FAA70094E11C /* hanoi.jpg */ = {isa = PBXFileReference; lastKnownFileType = image.jpeg; path = hanoi.jpg; sourceTree = "<group>"; };
		33CDFE781D71FAA70094E11C /* hochiminh.jpg */ = {isa = PBXFileReference; lastKnownFileType = image.jpeg; path = hochiminh.jpg; sourceTree = "<group>"; };
		33CDFE791D71FAA70094E11C /* nhatrang.jpg */ = {isa = PBXFileReference; lastKnownFileType = image.jpeg; path = nhatrang.jpg; sourceTree = "<group>"; };
		33CDFE7A1D71FAA70094E11C /* yenbai.jpg */ = {isa = PBXFileReference; lastKnownFileType = image.jpeg; path = yenbai.jpg; sourceTree = "<group>"; };
		33CDFE811D71FAD30094E11C /* airplane-symbol.png */ = {isa = PBXFileReference; lastKnownFileType = image.png; path = "airplane-symbol.png"; sourceTree = "<group>"; };
		33CDFE821D71FAD30094E11C /* eight-8-ball.png */ = {isa = PBXFileReference; lastKnownFileType = image.png; path = "eight-8-ball.png"; sourceTree = "<group>"; };
		33CDFE831D71FAD30094E11C /* sailboat-symbol.png */ = {isa = PBXFileReference; lastKnownFileType = image.png; path = "sailboat-symbol.png"; sourceTree = "<group>"; };
		33CDFE841D71FAD30094E11C /* ship-symbol.png */ = {isa = PBXFileReference; lastKnownFileType = image.png; path = "ship-symbol.png"; sourceTree = "<group>"; };
		33CDFE851D71FAD30094E11C /* speedboat-emoji.png */ = {isa = PBXFileReference; lastKnownFileType = image.png; path = "speedboat-emoji.png"; sourceTree = "<group>"; };
/* End PBXFileReference section */

/* Begin PBXFrameworksBuildPhase section */
		33CDFE501D71F7E10094E11C /* Frameworks */ = {
			isa = PBXFrameworksBuildPhase;
			buildActionMask = 2147483647;
			files = (
			);
			runOnlyForDeploymentPostprocessing = 0;
		};
/* End PBXFrameworksBuildPhase section */

/* Begin PBXGroup section */
		33426E571D72E95A00CD52A2 /* Models */ = {
			isa = PBXGroup;
			children = (
				33426E581D72E97600CD52A2 /* ItemModel.swift */,
				33C3B8311D78300900BE0C53 /* DemoItemModel.swift */,
			);
			name = Models;
			sourceTree = "<group>";
		};
		33C3B8331D7835FE00BE0C53 /* icon */ = {
			isa = PBXGroup;
			children = (
				33C3B8341D7835FE00BE0C53 /* airplane.png */,
				33C3B8351D7835FE00BE0C53 /* ball.png */,
				33C3B8361D7835FE00BE0C53 /* camera.png */,
				33C3B8371D7835FE00BE0C53 /* Conversation.png */,
				33C3B8381D7835FE00BE0C53 /* Heart.png */,
				33C3B8391D7835FE00BE0C53 /* heart1.png */,
				33C3B83A1D7835FE00BE0C53 /* location.png */,
				33C3B83B1D7835FE00BE0C53 /* sailboat.png */,
				33C3B83C1D7835FE00BE0C53 /* share.png */,
				33C3B83D1D7835FE00BE0C53 /* ship.png */,
				33C3B83E1D7835FE00BE0C53 /* speedboat.png */,
			);
			path = icon;
			sourceTree = "<group>";
		};
		33CDFE4A1D71F7E10094E11C = {
			isa = PBXGroup;
			children = (
				33CDFE551D71F7E10094E11C /* Demo */,
				33CDFE541D71F7E10094E11C /* Products */,
			);
			sourceTree = "<group>";
		};
		33CDFE541D71F7E10094E11C /* Products */ = {
			isa = PBXGroup;
			children = (
				33CDFE531D71F7E10094E11C /* Demo.app */,
			);
			name = Products;
			sourceTree = "<group>";
		};
		33CDFE551D71F7E10094E11C /* Demo */ = {
			isa = PBXGroup;
			children = (
				33C3B8331D7835FE00BE0C53 /* icon */,
				33426E571D72E95A00CD52A2 /* Models */,
				33CDFE801D71FAD30094E11C /* imgDemo */,
				33CDFE751D71FAA70094E11C /* imgCities */,
				33CDFE6A1D71FA5C0094E11C /* img */,
				33CDFE561D71F7E10094E11C /* AppDelegate.swift */,
				33CDFE5A1D71F7E10094E11C /* Main.storyboard */,
				33CDFE5D1D71F7E10094E11C /* Assets.xcassets */,
				33CDFE5F1D71F7E10094E11C /* LaunchScreen.storyboard */,
				33CDFE621D71F7E10094E11C /* Info.plist */,
				33CDFE681D71F92F0094E11C /* DemoTableViewCell.swift */,
				33426E781D73375200CD52A2 /* DemoTableViewController.swift */,
				33C3B82D1D78273900BE0C53 /* ViewController.swift */,
				33C3B82F1D78282100BE0C53 /* Demo1TableViewCell.swift */,
			);
			path = Demo;
			sourceTree = "<group>";
		};
		33CDFE6A1D71FA5C0094E11C /* img */ = {
			isa = PBXGroup;
			children = (
				33CDFE6B1D71FA5C0094E11C /* 1.png */,
				33CDFE6C1D71FA5C0094E11C /* 2.png */,
				33CDFE6D1D71FA5C0094E11C /* 3.png */,
				33CDFE6E1D71FA5C0094E11C /* 4.png */,
				33CDFE6F1D71FA5C0094E11C /* 5.png */,
			);
			path = img;
			sourceTree = "<group>";
		};
		33CDFE751D71FAA70094E11C /* imgCities */ = {
			isa = PBXGroup;
			children = (
				33CDFE761D71FAA70094E11C /* danang.jpg */,
				33CDFE771D71FAA70094E11C /* hanoi.jpg */,
				33CDFE781D71FAA70094E11C /* hochiminh.jpg */,
				33CDFE791D71FAA70094E11C /* nhatrang.jpg */,
				33CDFE7A1D71FAA70094E11C /* yenbai.jpg */,
			);
			path = imgCities;
			sourceTree = "<group>";
		};
		33CDFE801D71FAD30094E11C /* imgDemo */ = {
			isa = PBXGroup;
			children = (
				33CDFE811D71FAD30094E11C /* airplane-symbol.png */,
				33CDFE821D71FAD30094E11C /* eight-8-ball.png */,
				33CDFE831D71FAD30094E11C /* sailboat-symbol.png */,
				33CDFE841D71FAD30094E11C /* ship-symbol.png */,
				33CDFE851D71FAD30094E11C /* speedboat-emoji.png */,
			);
			path = imgDemo;
			sourceTree = "<group>";
		};
/* End PBXGroup section */

/* Begin PBXNativeTarget section */
		33CDFE521D71F7E10094E11C /* Demo */ = {
			isa = PBXNativeTarget;
			buildConfigurationList = 33CDFE651D71F7E10094E11C /* Build configuration list for PBXNativeTarget "Demo" */;
			buildPhases = (
				33CDFE4F1D71F7E10094E11C /* Sources */,
				33CDFE501D71F7E10094E11C /* Frameworks */,
				33CDFE511D71F7E10094E11C /* Resources */,
			);
			buildRules = (
			);
			dependencies = (
			);
			name = Demo;
			productName = Demo;
			productReference = 33CDFE531D71F7E10094E11C /* Demo.app */;
			productType = "com.apple.product-type.application";
		};
/* End PBXNativeTarget section */

/* Begin PBXProject section */
		33CDFE4B1D71F7E10094E11C /* Project object */ = {
			isa = PBXProject;
			attributes = {
				LastSwiftUpdateCheck = 0730;
				LastUpgradeCheck = 0730;
				ORGANIZATIONNAME = "Duy Huan";
				TargetAttributes = {
					33CDFE521D71F7E10094E11C = {
						CreatedOnToolsVersion = 7.3.1;
					};
				};
			};
			buildConfigurationList = 33CDFE4E1D71F7E10094E11C /* Build configuration list for PBXProject "Demo" */;
			compatibilityVersion = "Xcode 3.2";
			developmentRegion = English;
			hasScannedForEncodings = 0;
			knownRegions = (
				en,
				Base,
			);
			mainGroup = 33CDFE4A1D71F7E10094E11C;
			productRefGroup = 33CDFE541D71F7E10094E11C /* Products */;
			projectDirPath = "";
			projectRoot = "";
			targets = (
				33CDFE521D71F7E10094E11C /* Demo */,
			);
		};
/* End PBXProject section */

/* Begin PBXResourcesBuildPhase section */
		33CDFE511D71F7E10094E11C /* Resources */ = {
			isa = PBXResourcesBuildPhase;
			buildActionMask = 2147483647;
			files = (
				33CDFE611D71F7E10094E11C /* LaunchScreen.storyboard in Resources */,
				33C3B8411D7835FE00BE0C53 /* camera.png in Resources */,
				33C3B8441D7835FE00BE0C53 /* heart1.png in Resources */,
				33C3B83F1D7835FE00BE0C53 /* airplane.png in Resources */,
				33CDFE7D1D71FAA70094E11C /* hochiminh.jpg in Resources */,
				33CDFE731D71FA5C0094E11C /* 4.png in Resources */,
				33CDFE701D71FA5C0094E11C /* 1.png in Resources */,
				33CDFE8A1D71FAD30094E11C /* speedboat-emoji.png in Resources */,
				33C3B8401D7835FE00BE0C53 /* ball.png in Resources */,
				33CDFE711D71FA5C0094E11C /* 2.png in Resources */,
				33C3B8461D7835FE00BE0C53 /* sailboat.png in Resources */,
				33CDFE721D71FA5C0094E11C /* 3.png in Resources */,
				33CDFE7E1D71FAA70094E11C /* nhatrang.jpg in Resources */,
				33CDFE7C1D71FAA70094E11C /* hanoi.jpg in Resources */,
				33C3B8491D7835FE00BE0C53 /* speedboat.png in Resources */,
				33CDFE881D71FAD30094E11C /* sailboat-symbol.png in Resources */,
				33CDFE871D71FAD30094E11C /* eight-8-ball.png in Resources */,
				33C3B8431D7835FE00BE0C53 /* Heart.png in Resources */,
				33C3B8421D7835FE00BE0C53 /* Conversation.png in Resources */,
				33C3B8451D7835FE00BE0C53 /* location.png in Resources */,
				33C3B8471D7835FE00BE0C53 /* share.png in Resources */,
				33CDFE741D71FA5C0094E11C /* 5.png in Resources */,
				33CDFE5E1D71F7E10094E11C /* Assets.xcassets in Resources */,
				33CDFE5C1D71F7E10094E11C /* Main.storyboard in Resources */,
				33CDFE7F1D71FAA70094E11C /* yenbai.jpg in Resources */,
				33CDFE7B1D71FAA70094E11C /* danang.jpg in Resources */,
				33CDFE861D71FAD30094E11C /* airplane-symbol.png in Resources */,
				33CDFE891D71FAD30094E11C /* ship-symbol.png in Resources */,
				33C3B8481D7835FE00BE0C53 /* ship.png in Resources */,
			);
			runOnlyForDeploymentPostprocessing = 0;
		};
/* End PBXResourcesBuildPhase section */

/* Begin PBXSourcesBuildPhase section */
		33CDFE4F1D71F7E10094E11C /* Sources */ = {
			isa = PBXSourcesBuildPhase;
			buildActionMask = 2147483647;
			files = (
				33C3B8301D78282100BE0C53 /* Demo1TableViewCell.swift in Sources */,
				33C3B8321D78300900BE0C53 /* DemoItemModel.swift in Sources */,
				33C3B82E1D78273900BE0C53 /* ViewController.swift in Sources */,
				33426E791D73375200CD52A2 /* DemoTableViewController.swift in Sources */,
				33CDFE691D71F92F0094E11C /* DemoTableViewCell.swift in Sources */,
				33426E591D72E97600CD52A2 /* ItemModel.swift in Sources */,
				33CDFE571D71F7E10094E11C /* AppDelegate.swift in Sources */,
			);
			runOnlyForDeploymentPostprocessing = 0;
		};
/* End PBXSourcesBuildPhase section */

/* Begin PBXVariantGroup section */
		33CDFE5A1D71F7E10094E11C /* Main.storyboard */ = {
			isa = PBXVariantGroup;
			children = (
				33CDFE5B1D71F7E10094E11C /* Base */,
			);
			name = Main.storyboard;
			sourceTree = "<group>";
		};
		33CDFE5F1D71F7E10094E11C /* LaunchScreen.storyboard */ = {
			isa = PBXVariantGroup;
			children = (
				33CDFE601D71F7E10094E11C /* Base */,
			);
			name = LaunchScreen.storyboard;
			sourceTree = "<group>";
		};
/* End PBXVariantGroup section */

/* Begin XCBuildConfiguration section */
		33CDFE631D71F7E10094E11C /* Debug */ = {
			isa = XCBuildConfiguration;
			buildSettings = {
				ALWAYS_SEARCH_USER_PATHS = NO;
				CLANG_ANALYZER_NONNULL = YES;
				CLANG_CXX_LANGUAGE_STANDARD = "gnu++0x";
				CLANG_CXX_LIBRARY = "libc++";
				CLANG_ENABLE_MODULES = YES;
				CLANG_ENABLE_OBJC_ARC = YES;
				CLANG_WARN_BOOL_CONVERSION = YES;
				CLANG_WARN_CONSTANT_CONVERSION = YES;
				CLANG_WARN_DIRECT_OBJC_ISA_USAGE = YES_ERROR;
				CLANG_WARN_EMPTY_BODY = YES;
				CLANG_WARN_ENUM_CONVERSION = YES;
				CLANG_WARN_INT_CONVERSION = YES;
				CLANG_WARN_OBJC_ROOT_CLASS = YES_ERROR;
				CLANG_WARN_UNREACHABLE_CODE = YES;
				CLANG_WARN__DUPLICATE_METHOD_MATCH = YES;
				"CODE_SIGN_IDENTITY[sdk=iphoneos*]" = "iPhone Developer";
				COPY_PHASE_STRIP = NO;
				DEBUG_INFORMATION_FORMAT = dwarf;
				ENABLE_STRICT_OBJC_MSGSEND = YES;
				ENABLE_TESTABILITY = YES;
				GCC_C_LANGUAGE_STANDARD = gnu99;
				GCC_DYNAMIC_NO_PIC = NO;
				GCC_NO_COMMON_BLOCKS = YES;
				GCC_OPTIMIZATION_LEVEL = 0;
				GCC_PREPROCESSOR_DEFINITIONS = (
					"DEBUG=1",
					"$(inherited)",
				);
				GCC_WARN_64_TO_32_BIT_CONVERSION = YES;
				GCC_WARN_ABOUT_RETURN_TYPE = YES_ERROR;
				GCC_WARN_UNDECLARED_SELECTOR = YES;
				GCC_WARN_UNINITIALIZED_AUTOS = YES_AGGRESSIVE;
				GCC_WARN_UNUSED_FUNCTION = YES;
				GCC_WARN_UNUSED_VARIABLE = YES;
				IPHONEOS_DEPLOYMENT_TARGET = 9.3;
				MTL_ENABLE_DEBUG_INFO = YES;
				ONLY_ACTIVE_ARCH = YES;
				SDKROOT = iphoneos;
				SWIFT_OPTIMIZATION_LEVEL = "-Onone";
				TARGETED_DEVICE_FAMILY = "1,2";
			};
			name = Debug;
		};
		33CDFE641D71F7E10094E11C /* Release */ = {
			isa = XCBuildConfiguration;
			buildSettings = {
				ALWAYS_SEARCH_USER_PATHS = NO;
				CLANG_ANALYZER_NONNULL = YES;
				CLANG_CXX_LANGUAGE_STANDARD = "gnu++0x";
				CLANG_CXX_LIBRARY = "libc++";
				CLANG_ENABLE_MODULES = YES;
				CLANG_ENABLE_OBJC_ARC = YES;
				CLANG_WARN_BOOL_CONVERSION = YES;
				CLANG_WARN_CONSTANT_CONVERSION = YES;
				CLANG_WARN_DIRECT_OBJC_ISA_USAGE = YES_ERROR;
				CLANG_WARN_EMPTY_BODY = YES;
				CLANG_WARN_ENUM_CONVERSION = YES;
				CLANG_WARN_INT_CONVERSION = YES;
				CLANG_WARN_OBJC_ROOT_CLASS = YES_ERROR;
				CLANG_WARN_UNREACHABLE_CODE = YES;
				CLANG_WARN__DUPLICATE_METHOD_MATCH = YES;
				"CODE_SIGN_IDENTITY[sdk=iphoneos*]" = "iPhone Developer";
				COPY_PHASE_STRIP = NO;
				DEBUG_INFORMATION_FORMAT = "dwarf-with-dsym";
				ENABLE_NS_ASSERTIONS = NO;
				ENABLE_STRICT_OBJC_MSGSEND = YES;
				GCC_C_LANGUAGE_STANDARD = gnu99;
				GCC_NO_COMMON_BLOCKS = YES;
				GCC_WARN_64_TO_32_BIT_CONVERSION = YES;
				GCC_WARN_ABOUT_RETURN_TYPE = YES_ERROR;
				GCC_WARN_UNDECLARED_SELECTOR = YES;
				GCC_WARN_UNINITIALIZED_AUTOS = YES_AGGRESSIVE;
				GCC_WARN_UNUSED_FUNCTION = YES;
				GCC_WARN_UNUSED_VARIABLE = YES;
				IPHONEOS_DEPLOYMENT_TARGET = 9.3;
				MTL_ENABLE_DEBUG_INFO = NO;
				SDKROOT = iphoneos;
				TARGETED_DEVICE_FAMILY = "1,2";
				VALIDATE_PRODUCT = YES;
			};
			name = Release;
		};
		33CDFE661D71F7E10094E11C /* Debug */ = {
			isa = XCBuildConfiguration;
			buildSettings = {
				ASSETCATALOG_COMPILER_APPICON_NAME = AppIcon;
				INFOPLIST_FILE = Demo/Info.plist;
				LD_RUNPATH_SEARCH_PATHS = "$(inherited) @executable_path/Frameworks";
				PRODUCT_BUNDLE_IDENTIFIER = com.DuyHuan.Demo;
				PRODUCT_NAME = "$(TARGET_NAME)";
			};
			name = Debug;
		};
		33CDFE671D71F7E10094E11C /* Release */ = {
			isa = XCBuildConfiguration;
			buildSettings = {
				ASSETCATALOG_COMPILER_APPICON_NAME = AppIcon;
				INFOPLIST_FILE = Demo/Info.plist;
				LD_RUNPATH_SEARCH_PATHS = "$(inherited) @executable_path/Frameworks";
				PRODUCT_BUNDLE_IDENTIFIER = com.DuyHuan.Demo;
				PRODUCT_NAME = "$(TARGET_NAME)";
			};
			name = Release;
		};
/* End XCBuildConfiguration section */

/* Begin XCConfigurationList section */
		33CDFE4E1D71F7E10094E11C /* Build configuration list for PBXProject "Demo" */ = {
			isa = XCConfigurationList;
			buildConfigurations = (
				33CDFE631D71F7E10094E11C /* Debug */,
				33CDFE641D71F7E10094E11C /* Release */,
			);
			defaultConfigurationIsVisible = 0;
			defaultConfigurationName = Release;
		};
		33CDFE651D71F7E10094E11C /* Build configuration list for PBXNativeTarget "Demo" */ = {
			isa = XCConfigurationList;
			buildConfigurations = (
				33CDFE661D71F7E10094E11C /* Debug */,
				33CDFE671D71F7E10094E11C /* Release */,
			);
			defaultConfigurationIsVisible = 0;
			defaultConfigurationName = Release;
		};
/* End XCConfigurationList section */
	};
	rootObject = 33CDFE4B1D71F7E10094E11C /* Project object */;
}
